// !$*UTF8*$!
{
	archiveVersion = 1;
	classes = {
	};
	objectVersion = 46;
	objects = {

/* Begin PBXBuildFile section */
		4C3B3DB41E23B626006DDFDF /* main.m in Sources */ = {isa = PBXBuildFile; fileRef = 4C3B3DB31E23B626006DDFDF /* main.m */; };
		4C3B3DB71E23B626006DDFDF /* AppDelegate.m in Sources */ = {isa = PBXBuildFile; fileRef = 4C3B3DB61E23B626006DDFDF /* AppDelegate.m */; };
		4C3B3DBD1E23B626006DDFDF /* Main.storyboard in Resources */ = {isa = PBXBuildFile; fileRef = 4C3B3DBB1E23B626006DDFDF /* Main.storyboard */; };
		4C3B3DBF1E23B626006DDFDF /* Assets.xcassets in Resources */ = {isa = PBXBuildFile; fileRef = 4C3B3DBE1E23B626006DDFDF /* Assets.xcassets */; };
		4C3B3DC21E23B626006DDFDF /* LaunchScreen.storyboard in Resources */ = {isa = PBXBuildFile; fileRef = 4C3B3DC01E23B626006DDFDF /* LaunchScreen.storyboard */; };
		4C3B3DCB1E23BA21006DDFDF /* DMPatient.m in Sources */ = {isa = PBXBuildFile; fileRef = 4C3B3DCA1E23BA21006DDFDF /* DMPatient.m */; };
		4C3B3DCE1E23BDE2006DDFDF /* DMDoctor.m in Sources */ = {isa = PBXBuildFile; fileRef = 4C3B3DCD1E23BDE2006DDFDF /* DMDoctor.m */; };
/* End PBXBuildFile section */

/* Begin PBXFileReference section */
		4C3B3DAF1E23B626006DDFDF /* DelegatesTest.app */ = {isa = PBXFileReference; explicitFileType = wrapper.application; includeInIndex = 0; path = DelegatesTest.app; sourceTree = BUILT_PRODUCTS_DIR; };
		4C3B3DB31E23B626006DDFDF /* main.m */ = {isa = PBXFileReference; lastKnownFileType = sourcecode.c.objc; path = main.m; sourceTree = "<group>"; };
		4C3B3DB51E23B626006DDFDF /* AppDelegate.h */ = {isa = PBXFileReference; lastKnownFileType = sourcecode.c.h; path = AppDelegate.h; sourceTree = "<group>"; };
		4C3B3DB61E23B626006DDFDF /* AppDelegate.m */ = {isa = PBXFileReference; lastKnownFileType = sourcecode.c.objc; path = AppDelegate.m; sourceTree = "<group>"; };
		4C3B3DBC1E23B626006DDFDF /* Base */ = {isa = PBXFileReference; lastKnownFileType = file.storyboard; name = Base; path = Base.lproj/Main.storyboard; sourceTree = "<group>"; };
		4C3B3DBE1E23B626006DDFDF /* Assets.xcassets */ = {isa = PBXFileReference; lastKnownFileType = folder.assetcatalog; path = Assets.xcassets; sourceTree = "<group>"; };
		4C3B3DC11E23B626006DDFDF /* Base */ = {isa = PBXFileReference; lastKnownFileType = file.storyboard; name = Base; path = Base.lproj/LaunchScreen.storyboard; sourceTree = "<group>"; };
		4C3B3DC31E23B626006DDFDF /* Info.plist */ = {isa = PBXFileReference; lastKnownFileType = text.plist.xml; path = Info.plist; sourceTree = "<group>"; };
		4C3B3DC91E23BA21006DDFDF /* DMPatient.h */ = {isa = PBXFileReference; fileEncoding = 4; lastKnownFileType = sourcecode.c.h; path = DMPatient.h; sourceTree = "<group>"; };
		4C3B3DCA1E23BA21006DDFDF /* DMPatient.m */ = {isa = PBXFileReference; fileEncoding = 4; lastKnownFileType = sourcecode.c.objc; path = DMPatient.m; sourceTree = "<group>"; };
		4C3B3DCC1E23BDE2006DDFDF /* DMDoctor.h */ = {isa = PBXFileReference; fileEncoding = 4; lastKnownFileType = sourcecode.c.h; path = DMDoctor.h; sourceTree = "<group>"; };
		4C3B3DCD1E23BDE2006DDFDF /* DMDoctor.m */ = {isa = PBXFileReference; fileEncoding = 4; lastKnownFileType = sourcecode.c.objc; path = DMDoctor.m; sourceTree = "<group>"; };
/* End PBXFileReference section */

/* Begin PBXFrameworksBuildPhase section */
		4C3B3DAC1E23B626006DDFDF /* Frameworks */ = {
			isa = PBXFrameworksBuildPhase;
			buildActionMask = 2147483647;
			files = (
			);
			runOnlyForDeploymentPostprocessing = 0;
		};
/* End PBXFrameworksBuildPhase section */

/* Begin PBXGroup section */
		4C3B3DA61E23B626006DDFDF = {
			isa = PBXGroup;
			children = (
				4C3B3DB11E23B626006DDFDF /* DelegatesTest */,
				4C3B3DB01E23B626006DDFDF /* Products */,
			);
			sourceTree = "<group>";
		};
		4C3B3DB01E23B626006DDFDF /* Products */ = {
			isa = PBXGroup;
			children = (
				4C3B3DAF1E23B626006DDFDF /* DelegatesTest.app */,
			);
			name = Products;
			sourceTree = "<group>";
		};
		4C3B3DB11E23B626006DDFDF /* DelegatesTest */ = {
			isa = PBXGroup;
			children = (
				4C3B3DC91E23BA21006DDFDF /* DMPatient.h */,
				4C3B3DCA1E23BA21006DDFDF /* DMPatient.m */,
				4C3B3DCC1E23BDE2006DDFDF /* DMDoctor.h */,
				4C3B3DCD1E23BDE2006DDFDF /* DMDoctor.m */,
				4C3B3DB51E23B626006DDFDF /* AppDelegate.h */,
				4C3B3DB61E23B626006DDFDF /* AppDelegate.m */,
				4C3B3DBB1E23B626006DDFDF /* Main.storyboard */,
				4C3B3DBE1E23B626006DDFDF /* Assets.xcassets */,
				4C3B3DC01E23B626006DDFDF /* LaunchScreen.storyboard */,
				4C3B3DC31E23B626006DDFDF /* Info.plist */,
				4C3B3DB21E23B626006DDFDF /* Supporting Files */,
			);
			path = DelegatesTest;
			sourceTree = "<group>";
		};
		4C3B3DB21E23B626006DDFDF /* Supporting Files */ = {
			isa = PBXGroup;
			children = (
				4C3B3DB31E23B626006DDFDF /* main.m */,
			);
			name = "Supporting Files";
			sourceTree = "<group>";
		};
/* End PBXGroup section */

/* Begin PBXNativeTarget section */
		4C3B3DAE1E23B626006DDFDF /* DelegatesTest */ = {
			isa = PBXNativeTarget;
			buildConfigurationList = 4C3B3DC61E23B626006DDFDF /* Build configuration list for PBXNativeTarget "DelegatesTest" */;
			buildPhases = (
				4C3B3DAB1E23B626006DDFDF /* Sources */,
				4C3B3DAC1E23B626006DDFDF /* Frameworks */,
				4C3B3DAD1E23B626006DDFDF /* Resources */,
			);
			buildRules = (
			);
			dependencies = (
			);
			name = DelegatesTest;
			productName = DelegatesTest;
			productReference = 4C3B3DAF1E23B626006DDFDF /* DelegatesTest.app */;
			productType = "com.apple.product-type.application";
		};
/* End PBXNativeTarget section */

/* Begin PBXProject section */
		4C3B3DA71E23B626006DDFDF /* Project object */ = {
			isa = PBXProject;
			attributes = {
				LastUpgradeCheck = 0820;
				ORGANIZATIONNAME = Rosberry;
				TargetAttributes = {
					4C3B3DAE1E23B626006DDFDF = {
						CreatedOnToolsVersion = 8.2.1;
						DevelopmentTeam = GPVA8JVMU3;
						ProvisioningStyle = Automatic;
					};
				};
			};
			buildConfigurationList = 4C3B3DAA1E23B626006DDFDF /* Build configuration list for PBXProject "DelegatesTest" */;
			compatibilityVersion = "Xcode 3.2";
			developmentRegion = English;
			hasScannedForEncodings = 0;
			knownRegions = (
				en,
				Base,
			);
			mainGroup = 4C3B3DA61E23B626006DDFDF;
			productRefGroup = 4C3B3DB01E23B626006DDFDF /* Products */;
			projectDirPath = "";
			projectRoot = "";
			targets = (
				4C3B3DAE1E23B626006DDFDF /* DelegatesTest */,
			);
		};
/* End PBXProject section */

/* Begin PBXResourcesBuildPhase section */
		4C3B3DAD1E23B626006DDFDF /* Resources */ = {
			isa = PBXResourcesBuildPhase;
			buildActionMask = 2147483647;
			files = (
				4C3B3DC21E23B626006DDFDF /* LaunchScreen.storyboard in Resources */,
				4C3B3DBF1E23B626006DDFDF /* Assets.xcassets in Resources */,
				4C3B3DBD1E23B626006DDFDF /* Main.storyboard in Resources */,
			);
			runOnlyForDeploymentPostprocessing = 0;
		};
/* End PBXResourcesBuildPhase section */

/* Begin PBXSourcesBuildPhase section */
		4C3B3DAB1E23B626006DDFDF /* Sources */ = {
			isa = PBXSourcesBuildPhase;
			buildActionMask = 2147483647;
			files = (
				4C3B3DB71E23B626006DDFDF /* AppDelegate.m in Sources */,
				4C3B3DCE1E23BDE2006DDFDF /* DMDoctor.m in Sources */,
				4C3B3DB41E23B626006DDFDF /* main.m in Sources */,
				4C3B3DCB1E23BA21006DDFDF /* DMPatient.m in Sources */,
			);
			runOnlyForDeploymentPostprocessing = 0;
		};
/* End PBXSourcesBuildPhase section */

/* Begin PBXVariantGroup section */
		4C3B3DBB1E23B626006DDFDF /* Main.storyboard */ = {
			isa = PBXVariantGroup;
			children = (
				4C3B3DBC1E23B626006DDFDF /* Base */,
			);
			name = Main.storyboard;
			sourceTree = "<group>";
		};
		4C3B3DC01E23B626006DDFDF /* LaunchScreen.storyboard */ = {
			isa = PBXVariantGroup;
			children = (
				4C3B3DC11E23B626006DDFDF /* Base */,
			);
			name = LaunchScreen.storyboard;
			sourceTree = "<group>";
		};
/* End PBXVariantGroup section */

/* Begin XCBuildConfiguration section */
		4C3B3DC41E23B626006DDFDF /* Debug */ = {
			isa = XCBuildConfiguration;
			buildSettings = {
				ALWAYS_SEARCH_USER_PATHS = NO;
				CLANG_ANALYZER_NONNULL = YES;
				CLANG_CXX_LANGUAGE_STANDARD = "gnu++0x";
				CLANG_CXX_LIBRARY = "libc++";
				CLANG_ENABLE_MODULES = YES;
				CLANG_ENABLE_OBJC_ARC = YES;
				CLANG_WARN_BOOL_CONVERSION = YES;
				CLANG_WARN_CONSTANT_CONVERSION = YES;
				CLANG_WARN_DIRECT_OBJC_ISA_USAGE = YES_ERROR;
				CLANG_WARN_DOCUMENTATION_COMMENTS = YES;
				CLANG_WARN_EMPTY_BODY = YES;
				CLANG_WARN_ENUM_CONVERSION = YES;
				CLANG_WARN_INFINITE_RECURSION = YES;
				CLANG_WARN_INT_CONVERSION = YES;
				CLANG_WARN_OBJC_ROOT_CLASS = YES_ERROR;
				CLANG_WARN_SUSPICIOUS_MOVE = YES;
				CLANG_WARN_UNREACHABLE_CODE = YES;
				CLANG_WARN__DUPLICATE_METHOD_MATCH = YES;
				"CODE_SIGN_IDENTITY[sdk=iphoneos*]" = "iPhone Developer";
				COPY_PHASE_STRIP = NO;
				DEBUG_INFORMATION_FORMAT = dwarf;
				ENABLE_STRICT_OBJC_MSGSEND = YES;
				ENABLE_TESTABILITY = YES;
				GCC_C_LANGUAGE_STANDARD = gnu99;
				GCC_DYNAMIC_NO_PIC = NO;
				GCC_NO_COMMON_BLOCKS = YES;
				GCC_OPTIMIZATION_LEVEL = 0;
				GCC_PREPROCESSOR_DEFINITIONS = (
					"DEBUG=1",
					"$(inherited)",
				);
				GCC_WARN_64_TO_32_BIT_CONVERSION = YES;
				GCC_WARN_ABOUT_RETURN_TYPE = YES_ERROR;
				GCC_WARN_UNDECLARED_SELECTOR = YES;
				GCC_WARN_UNINITIALIZED_AUTOS = YES_AGGRESSIVE;
				GCC_WARN_UNUSED_FUNCTION = YES;
				GCC_WARN_UNUSED_VARIABLE = YES;
				IPHONEOS_DEPLOYMENT_TARGET = 10.2;
				MTL_ENABLE_DEBUG_INFO = YES;
				ONLY_ACTIVE_ARCH = YES;
				SDKROOT = iphoneos;
				TARGETED_DEVICE_FAMILY = "1,2";
			};
			name = Debug;
		};
		4C3B3DC51E23B626006DDFDF /* Release */ = {
			isa = XCBuildConfiguration;
			buildSettings = {
				ALWAYS_SEARCH_USER_PATHS = NO;
				CLANG_ANALYZER_NONNULL = YES;
				CLANG_CXX_LANGUAGE_STANDARD = "gnu++0x";
				CLANG_CXX_LIBRARY = "libc++";
				CLANG_ENABLE_MODULES = YES;
				CLANG_ENABLE_OBJC_ARC = YES;
				CLANG_WARN_BOOL_CONVERSION = YES;
				CLANG_WARN_CONSTANT_CONVERSION = YES;
				CLANG_WARN_DIRECT_OBJC_ISA_USAGE = YES_ERROR;
				CLANG_WARN_DOCUMENTATION_COMMENTS = YES;
				CLANG_WARN_EMPTY_BODY = YES;
				CLANG_WARN_ENUM_CONVERSION = YES;
				CLANG_WARN_INFINITE_RECURSION = YES;
				CLANG_WARN_INT_CONVERSION = YES;
				CLANG_WARN_OBJC_ROOT_CLASS = YES_ERROR;
				CLANG_WARN_SUSPICIOUS_MOVE = YES;
				CLANG_WARN_UNREACHABLE_CODE = YES;
				CLANG_WARN__DUPLICATE_METHOD_MATCH = YES;
				"CODE_SIGN_IDENTITY[sdk=iphoneos*]" = "iPhone Developer";
				COPY_PHASE_STRIP = NO;
				DEBUG_INFORMATION_FORMAT = "dwarf-with-dsym";
				ENABLE_NS_ASSERTIONS = NO;
				ENABLE_STRICT_OBJC_MSGSEND = YES;
				GCC_C_LANGUAGE_STANDARD = gnu99;
				GCC_NO_COMMON_BLOCKS = YES;
				GCC_WARN_64_TO_32_BIT_CONVERSION = YES;
				GCC_WARN_ABOUT_RETURN_TYPE = YES_ERROR;
				GCC_WARN_UNDECLARED_SELECTOR = YES;
				GCC_WARN_UNINITIALIZED_AUTOS = YES_AGGRESSIVE;
				GCC_WARN_UNUSED_FUNCTION = YES;
				GCC_WARN_UNUSED_VARIABLE = YES;
				IPHONEOS_DEPLOYMENT_TARGET = 10.2;
				MTL_ENABLE_DEBUG_INFO = NO;
				SDKROOT = iphoneos;
				TARGETED_DEVICE_FAMILY = "1,2";
				VALIDATE_PRODUCT = YES;
			};
			name = Release;
		};
		4C3B3DC71E23B626006DDFDF /* Debug */ = {
			isa = XCBuildConfiguration;
			buildSettings = {
				ASSETCATALOG_COMPILER_APPICON_NAME = AppIcon;
				DEVELOPMENT_TEAM = GPVA8JVMU3;
				INFOPLIST_FILE = DelegatesTest/Info.plist;
				LD_RUNPATH_SEARCH_PATHS = "$(inherited) @executable_path/Frameworks";
				PRODUCT_BUNDLE_IDENTIFIER = com.DelegatesTest;
				PRODUCT_NAME = "$(TARGET_NAME)";
			};
			name = Debug;
		};
		4C3B3DC81E23B626006DDFDF /* Release */ = {
			isa = XCBuildConfiguration;
			buildSettings = {
				ASSETCATALOG_COMPILER_APPICON_NAME = AppIcon;
				DEVELOPMENT_TEAM = GPVA8JVMU3;
				INFOPLIST_FILE = DelegatesTest/Info.plist;
				LD_RUNPATH_SEARCH_PATHS = "$(inherited) @executable_path/Frameworks";
				PRODUCT_BUNDLE_IDENTIFIER = com.DelegatesTest;
				PRODUCT_NAME = "$(TARGET_NAME)";
			};
			name = Release;
		};
/* End XCBuildConfiguration section */

/* Begin XCConfigurationList section */
		4C3B3DAA1E23B626006DDFDF /* Build configuration list for PBXProject "DelegatesTest" */ = {
			isa = XCConfigurationList;
			buildConfigurations = (
				4C3B3DC41E23B626006DDFDF /* Debug */,
				4C3B3DC51E23B626006DDFDF /* Release */,
			);
			defaultConfigurationIsVisible = 0;
			defaultConfigurationName = Release;
		};
		4C3B3DC61E23B626006DDFDF /* Build configuration list for PBXNativeTarget "DelegatesTest" */ = {
			isa = XCConfigurationList;
			buildConfigurations = (
				4C3B3DC71E23B626006DDFDF /* Debug */,
				4C3B3DC81E23B626006DDFDF /* Release */,
			);
			defaultConfigurationIsVisible = 0;
		};
/* End XCConfigurationList section */
	};
	rootObject = 4C3B3DA71E23B626006DDFDF /* Project object */;
}
